Microsoft Visual Studio Solution File, Format Version 12.00
# Visual Studio 2012
Project("{FAE04EC0-301F-11D3-BF4B-00C04F79EFBC}") = "FirstPooorj", "FirstPooorj.csproj", "{EE7BF632-757F-464F-B5F6-9678F1170D3C}"
EndProject
Global
	GlobalSection(SolutionConfigurationPlatforms) = preSolution
	Debug|Any CPU = Debug|Any CPU
	ExportDebug|Any CPU = ExportDebug|Any CPU
	ExportRelease|Any CPU = ExportRelease|Any CPU
	EndGlobalSection
	GlobalSection(ProjectConfigurationPlatforms) = postSolution
		{EE7BF632-757F-464F-B5F6-9678F1170D3C}.Debug|Any CPU.ActiveCfg = Debug|Any CPU
		{EE7BF632-757F-464F-B5F6-9678F1170D3C}.Debug|Any CPU.Build.0 = Debug|Any CPU
		{EE7BF632-757F-464F-B5F6-9678F1170D3C}.ExportDebug|Any CPU.ActiveCfg = ExportDebug|Any CPU
		{EE7BF632-757F-464F-B5F6-9678F1170D3C}.ExportDebug|Any CPU.Build.0 = ExportDebug|Any CPU
		{EE7BF632-757F-464F-B5F6-9678F1170D3C}.ExportRelease|Any CPU.ActiveCfg = ExportRelease|Any CPU
		{EE7BF632-757F-464F-B5F6-9678F1170D3C}.ExportRelease|Any CPU.Build.0 = ExportRelease|Any CPU
	EndGlobalSection
EndGlobal
